
Microsoft Visual Studio Solution File, Format Version 12.00
Project("{2150E333-8FDC-42A3-9474-1A3956D46DE8}") = "Lesson1", "Lesson1", "{A3B72E93-A8FA-48E0-ABF9-19B05FFBFCB3}"
EndProject
Project("{FAE04EC0-301F-11D3-BF4B-00C04F79EFBC}") = "L1Task1", "Lesson1\L1Task1\L1Task1.csproj", "{3BFB60E7-D155-4F8C-BC70-3935FE0D4593}"
EndProject
Project("{FAE04EC0-301F-11D3-BF4B-00C04F79EFBC}") = "L1Task2", "Lesson1\L1Task2\L1Task2.csproj", "{73FC825D-C6C0-4171-AC8B-F641BBFB16AB}"
EndProject
Project("{FAE04EC0-301F-11D3-BF4B-00C04F79EFBC}") = "L1Task3", "Lesson1\L1Task3\L1Task3.csproj", "{47E5E02D-DA16-4970-8DEF-521BD9A55AE3}"
EndProject
Project("{2150E333-8FDC-42A3-9474-1A3956D46DE8}") = "Lesson3", "Lesson3", "{45224B99-B89F-4161-A9B6-DB47E7A7B120}"
EndProject
Project("{FAE04EC0-301F-11D3-BF4B-00C04F79EFBC}") = "L3Task1", "Lesson3\L3Task1\L3Task1.csproj", "{C7471036-0B40-4995-87EE-3913E4CECB08}"
EndProject
Project("{FAE04EC0-301F-11D3-BF4B-00C04F79EFBC}") = "L3Task2", "Lesson3\L3Task2\L3Task2.csproj", "{C72384CD-E2CC-487F-B53C-E4B9ED13A054}"
EndProject
Project("{FAE04EC0-301F-11D3-BF4B-00C04F79EFBC}") = "L3Task3", "Lesson3\L3Task3\L3Task3.csproj", "{825AD36E-180E-4184-AF0B-D2F2947A195C}"
EndProject
Project("{2150E333-8FDC-42A3-9474-1A3956D46DE8}") = "Lesson2", "Lesson2", "{0C8477D8-AB8D-4B71-94AC-D14EC080BD79}"
EndProject
Project("{FAE04EC0-301F-11D3-BF4B-00C04F79EFBC}") = "L2Task1", "Lesson2\L2Task1\L2Task1.csproj", "{50D2576C-1744-455E-B400-02FEF5FA87C6}"
EndProject
Project("{FAE04EC0-301F-11D3-BF4B-00C04F79EFBC}") = "L2Task2", "Lesson2\L2Task2\L2Task2.csproj", "{98DFCAA9-B694-4F61-8401-0B6C05C138A3}"
EndProject
Project("{FAE04EC0-301F-11D3-BF4B-00C04F79EFBC}") = "L2Task3", "Lesson2\L2Task3\L2Task3.csproj", "{78DC3BB7-55C3-4970-B5D8-936E5F1D467E}"
EndProject
Global
	GlobalSection(SolutionConfigurationPlatforms) = preSolution
		Debug|Any CPU = Debug|Any CPU
		Release|Any CPU = Release|Any CPU
	EndGlobalSection
	GlobalSection(ProjectConfigurationPlatforms) = postSolution
		{3BFB60E7-D155-4F8C-BC70-3935FE0D4593}.Debug|Any CPU.ActiveCfg = Debug|Any CPU
		{3BFB60E7-D155-4F8C-BC70-3935FE0D4593}.Debug|Any CPU.Build.0 = Debug|Any CPU
		{3BFB60E7-D155-4F8C-BC70-3935FE0D4593}.Release|Any CPU.ActiveCfg = Release|Any CPU
		{3BFB60E7-D155-4F8C-BC70-3935FE0D4593}.Release|Any CPU.Build.0 = Release|Any CPU
		{73FC825D-C6C0-4171-AC8B-F641BBFB16AB}.Debug|Any CPU.ActiveCfg = Debug|Any CPU
		{73FC825D-C6C0-4171-AC8B-F641BBFB16AB}.Debug|Any CPU.Build.0 = Debug|Any CPU
		{73FC825D-C6C0-4171-AC8B-F641BBFB16AB}.Release|Any CPU.ActiveCfg = Release|Any CPU
		{73FC825D-C6C0-4171-AC8B-F641BBFB16AB}.Release|Any CPU.Build.0 = Release|Any CPU
		{47E5E02D-DA16-4970-8DEF-521BD9A55AE3}.Debug|Any CPU.ActiveCfg = Debug|Any CPU
		{47E5E02D-DA16-4970-8DEF-521BD9A55AE3}.Debug|Any CPU.Build.0 = Debug|Any CPU
		{47E5E02D-DA16-4970-8DEF-521BD9A55AE3}.Release|Any CPU.ActiveCfg = Release|Any CPU
		{47E5E02D-DA16-4970-8DEF-521BD9A55AE3}.Release|Any CPU.Build.0 = Release|Any CPU
		{C7471036-0B40-4995-87EE-3913E4CECB08}.Debug|Any CPU.ActiveCfg = Debug|Any CPU
		{C7471036-0B40-4995-87EE-3913E4CECB08}.Debug|Any CPU.Build.0 = Debug|Any CPU
		{C7471036-0B40-4995-87EE-3913E4CECB08}.Release|Any CPU.ActiveCfg = Release|Any CPU
		{C7471036-0B40-4995-87EE-3913E4CECB08}.Release|Any CPU.Build.0 = Release|Any CPU
		{C72384CD-E2CC-487F-B53C-E4B9ED13A054}.Debug|Any CPU.ActiveCfg = Debug|Any CPU
		{C72384CD-E2CC-487F-B53C-E4B9ED13A054}.Debug|Any CPU.Build.0 = Debug|Any CPU
		{C72384CD-E2CC-487F-B53C-E4B9ED13A054}.Release|Any CPU.ActiveCfg = Release|Any CPU
		{C72384CD-E2CC-487F-B53C-E4B9ED13A054}.Release|Any CPU.Build.0 = Release|Any CPU
		{825AD36E-180E-4184-AF0B-D2F2947A195C}.Debug|Any CPU.ActiveCfg = Debug|Any CPU
		{825AD36E-180E-4184-AF0B-D2F2947A195C}.Debug|Any CPU.Build.0 = Debug|Any CPU
		{825AD36E-180E-4184-AF0B-D2F2947A195C}.Release|Any CPU.ActiveCfg = Release|Any CPU
		{825AD36E-180E-4184-AF0B-D2F2947A195C}.Release|Any CPU.Build.0 = Release|Any CPU
		{50D2576C-1744-455E-B400-02FEF5FA87C6}.Debug|Any CPU.ActiveCfg = Debug|Any CPU
		{50D2576C-1744-455E-B400-02FEF5FA87C6}.Debug|Any CPU.Build.0 = Debug|Any CPU
		{50D2576C-1744-455E-B400-02FEF5FA87C6}.Release|Any CPU.ActiveCfg = Release|Any CPU
		{50D2576C-1744-455E-B400-02FEF5FA87C6}.Release|Any CPU.Build.0 = Release|Any CPU
		{98DFCAA9-B694-4F61-8401-0B6C05C138A3}.Debug|Any CPU.ActiveCfg = Debug|Any CPU
		{98DFCAA9-B694-4F61-8401-0B6C05C138A3}.Debug|Any CPU.Build.0 = Debug|Any CPU
		{98DFCAA9-B694-4F61-8401-0B6C05C138A3}.Release|Any CPU.ActiveCfg = Release|Any CPU
		{98DFCAA9-B694-4F61-8401-0B6C05C138A3}.Release|Any CPU.Build.0 = Release|Any CPU
		{78DC3BB7-55C3-4970-B5D8-936E5F1D467E}.Debug|Any CPU.ActiveCfg = Debug|Any CPU
		{78DC3BB7-55C3-4970-B5D8-936E5F1D467E}.Debug|Any CPU.Build.0 = Debug|Any CPU
		{78DC3BB7-55C3-4970-B5D8-936E5F1D467E}.Release|Any CPU.ActiveCfg = Release|Any CPU
		{78DC3BB7-55C3-4970-B5D8-936E5F1D467E}.Release|Any CPU.Build.0 = Release|Any CPU
	EndGlobalSection
	GlobalSection(NestedProjects) = preSolution
		{3BFB60E7-D155-4F8C-BC70-3935FE0D4593} = {A3B72E93-A8FA-48E0-ABF9-19B05FFBFCB3}
		{73FC825D-C6C0-4171-AC8B-F641BBFB16AB} = {A3B72E93-A8FA-48E0-ABF9-19B05FFBFCB3}
		{47E5E02D-DA16-4970-8DEF-521BD9A55AE3} = {A3B72E93-A8FA-48E0-ABF9-19B05FFBFCB3}
		{C7471036-0B40-4995-87EE-3913E4CECB08} = {45224B99-B89F-4161-A9B6-DB47E7A7B120}
		{C72384CD-E2CC-487F-B53C-E4B9ED13A054} = {45224B99-B89F-4161-A9B6-DB47E7A7B120}
		{825AD36E-180E-4184-AF0B-D2F2947A195C} = {45224B99-B89F-4161-A9B6-DB47E7A7B120}
		{50D2576C-1744-455E-B400-02FEF5FA87C6} = {0C8477D8-AB8D-4B71-94AC-D14EC080BD79}
		{98DFCAA9-B694-4F61-8401-0B6C05C138A3} = {0C8477D8-AB8D-4B71-94AC-D14EC080BD79}
		{78DC3BB7-55C3-4970-B5D8-936E5F1D467E} = {0C8477D8-AB8D-4B71-94AC-D14EC080BD79}
	EndGlobalSection
EndGlobal
