
Microsoft Visual Studio Solution File, Format Version 12.00
Project("{2150E333-8FDC-42A3-9474-1A3956D46DE8}") = "Lesson1", "Lesson1", "{A3B72E93-A8FA-48E0-ABF9-19B05FFBFCB3}"
EndProject
Project("{FAE04EC0-301F-11D3-BF4B-00C04F79EFBC}") = "L1Task1", "Lesson1\L1Task1\L1Task1.csproj", "{3BFB60E7-D155-4F8C-BC70-3935FE0D4593}"
EndProject
Project("{FAE04EC0-301F-11D3-BF4B-00C04F79EFBC}") = "L1Task2", "Lesson1\L1Task2\L1Task2.csproj", "{73FC825D-C6C0-4171-AC8B-F641BBFB16AB}"
EndProject
Project("{FAE04EC0-301F-11D3-BF4B-00C04F79EFBC}") = "L1Task3", "Lesson1\L1Task3\L1Task3.csproj", "{47E5E02D-DA16-4970-8DEF-521BD9A55AE3}"
EndProject
Project("{2150E333-8FDC-42A3-9474-1A3956D46DE8}") = "Lesson2", "Lesson2", "{0C8477D8-AB8D-4B71-94AC-D14EC080BD79}"
EndProject
Project("{FAE04EC0-301F-11D3-BF4B-00C04F79EFBC}") = "L2Task1", "Lesson2\L2Task1\L2Task1.csproj", "{50D2576C-1744-455E-B400-02FEF5FA87C6}"
EndProject
Project("{FAE04EC0-301F-11D3-BF4B-00C04F79EFBC}") = "L2Task2", "Lesson2\L2Task2\L2Task2.csproj", "{98DFCAA9-B694-4F61-8401-0B6C05C138A3}"
EndProject
Project("{FAE04EC0-301F-11D3-BF4B-00C04F79EFBC}") = "L2Task3", "Lesson2\L2Task3\L2Task3.csproj", "{78DC3BB7-55C3-4970-B5D8-936E5F1D467E}"
EndProject
Project("{2150E333-8FDC-42A3-9474-1A3956D46DE8}") = "Lesson4", "Lesson4", "{BBACB0B7-5B35-4139-B0DE-A9F49AD8CEBC}"
EndProject
Project("{FAE04EC0-301F-11D3-BF4B-00C04F79EFBC}") = "L4Task2", "Lesson4\L4Task2\L4Task2.csproj", "{9B279091-B6B3-453B-BD36-17DE4FCA04E1}"
EndProject
Project("{FAE04EC0-301F-11D3-BF4B-00C04F79EFBC}") = "L4Task1", "Lesson4\L4Task1\L4Task1.csproj", "{76D3A37E-FA04-4CE9-AE95-DBE3A4C8692D}"
EndProject
Project("{2150E333-8FDC-42A3-9474-1A3956D46DE8}") = "Lesson5", "Lesson5", "{05145FDC-B178-4ADE-A403-23EAEC0C6954}"
EndProject
Project("{FAE04EC0-301F-11D3-BF4B-00C04F79EFBC}") = "L5Task1", "Lesson5\L5Task1\L5Task1.csproj", "{67BE94A3-C60C-4899-BA17-8AA323A55F9E}"
EndProject
Project("{FAE04EC0-301F-11D3-BF4B-00C04F79EFBC}") = "L5Task2", "Lesson5\L5Task2\L5Task2.csproj", "{264E57BC-D57D-4F71-B6E4-DD467A840E3A}"
EndProject
Project("{2150E333-8FDC-42A3-9474-1A3956D46DE8}") = "Lesson3", "Lesson3", "{0D70318A-AD6E-4F98-89F0-1145CAFF122E}"
EndProject
Project("{FAE04EC0-301F-11D3-BF4B-00C04F79EFBC}") = "L3Task1", "Lesson3\L3Task1\L3Task1.csproj", "{D7C2E5BA-7D77-4A91-9074-1F2D0B41D7EA}"
EndProject
Project("{FAE04EC0-301F-11D3-BF4B-00C04F79EFBC}") = "L3Task2", "Lesson3\L3Task2\L3Task2.csproj", "{0D1C2105-A1A1-46BA-B8D3-AD05171816A2}"
EndProject
Project("{FAE04EC0-301F-11D3-BF4B-00C04F79EFBC}") = "L3Task3", "Lesson3\L3Task3\L3Task3.csproj", "{D33C7756-FA61-4629-B602-6AB04F1B1ED6}"
EndProject
Project("{FAE04EC0-301F-11D3-BF4B-00C04F79EFBC}") = "L5Task3", "Lesson5\L5Task3\L5Task3.csproj", "{E4CDA8F4-B4C1-4F7F-BFDE-D975BCC645D4}"
EndProject
Project("{2150E333-8FDC-42A3-9474-1A3956D46DE8}") = "Lesson6", "Lesson6", "{C669DAC7-BCF1-4F43-81AC-1C28442FA278}"
EndProject
Project("{FAE04EC0-301F-11D3-BF4B-00C04F79EFBC}") = "L6Task1", "Lesson6\L6Task1\L6Task1.csproj", "{7B895F98-ABB3-46E0-84CF-9683592B00CE}"
EndProject
Project("{FAE04EC0-301F-11D3-BF4B-00C04F79EFBC}") = "L6Task2", "Lesson6\L6Task2\L6Task2.csproj", "{A41567A4-58AA-4F2E-B981-7D46C7883BCD}"
EndProject
Project("{FAE04EC0-301F-11D3-BF4B-00C04F79EFBC}") = "L6Task3", "Lesson6\L6Task3\L6Task3.csproj", "{B1FA4873-6C36-49F2-B003-7914A4720BFA}"
EndProject
Project("{2150E333-8FDC-42A3-9474-1A3956D46DE8}") = "Lesson7", "Lesson7", "{63FBD1C2-5251-459E-A3CF-F80F8707A449}"
EndProject
Project("{FAE04EC0-301F-11D3-BF4B-00C04F79EFBC}") = "L7Task1", "Lesson7\L7Task1\L7Task1.csproj", "{C3ADFE0A-1113-4F33-83A4-BF1C5D5AA65F}"
EndProject
Project("{FAE04EC0-301F-11D3-BF4B-00C04F79EFBC}") = "L7Task2", "Lesson7\L7Task2\L7Task2.csproj", "{10E4FF1A-FB72-48A6-A5F4-68832DAC521A}"
EndProject
Project("{2150E333-8FDC-42A3-9474-1A3956D46DE8}") = "Lesson8", "Lesson8", "{0BCA2BA2-3522-4A7C-90E3-CEE0C26B8ADC}"
EndProject
Project("{FAE04EC0-301F-11D3-BF4B-00C04F79EFBC}") = "L8Task1", "Lesson8\L8Task1\L8Task1.csproj", "{B4117EA0-967C-4404-A5E6-D20B1A7682E9}"
EndProject
Project("{FAE04EC0-301F-11D3-BF4B-00C04F79EFBC}") = "L8Task2", "Lesson8\L8Task2\L8Task2.csproj", "{76D86BDE-3083-4526-98CF-13D0F8D553E8}"
EndProject
Project("{2150E333-8FDC-42A3-9474-1A3956D46DE8}") = "Lesson9", "Lesson9", "{91EA7A64-36CD-4512-9D10-1369DF31EA9E}"
EndProject
Project("{FAE04EC0-301F-11D3-BF4B-00C04F79EFBC}") = "L9Task1", "Lesson9\L9Task1\L9Task1.csproj", "{E3F8CE4D-9452-4DFE-ADC2-EC49D77840EF}"
EndProject
Project("{FAE04EC0-301F-11D3-BF4B-00C04F79EFBC}") = "L9Task2", "Lesson9\L9Task2\L9Task2.csproj", "{1A452937-A15D-46FF-AAED-02102D2AC849}"
EndProject
Project("{2150E333-8FDC-42A3-9474-1A3956D46DE8}") = "Lesson10", "Lesson10", "{913FE355-EF3F-4066-A5AF-814B3D81BBBF}"
EndProject
Project("{FAE04EC0-301F-11D3-BF4B-00C04F79EFBC}") = "L10Task1", "Lesson10\L10Task1\L10Task1.csproj", "{B8018FA7-3EAE-44E3-8FFA-E0281B3A34CA}"
EndProject
Project("{FAE04EC0-301F-11D3-BF4B-00C04F79EFBC}") = "L10Task2", "Lesson10\L10Task2\L10Task2.csproj", "{4F90EEC0-E028-478E-B479-F533A72C71EC}"
EndProject
Project("{2150E333-8FDC-42A3-9474-1A3956D46DE8}") = "Lesson11", "Lesson11", "{F304C647-242C-4A6A-9CEF-9A89B4EFDB4C}"
EndProject
Project("{FAE04EC0-301F-11D3-BF4B-00C04F79EFBC}") = "L11Task1", "Lesson11\L11Task1\L11Task1.csproj", "{CC57A134-F9FB-4916-B2AF-9591F6A3D4CE}"
EndProject
Project("{FAE04EC0-301F-11D3-BF4B-00C04F79EFBC}") = "L11Task2", "Lesson11\L11Task2\L11Task2.csproj", "{B8336C7A-BCE7-416F-B2E5-EAB873FBF56D}"
EndProject
Project("{FAE04EC0-301F-11D3-BF4B-00C04F79EFBC}") = "L11Task3", "Lesson11\L11Task3\L11Task3.csproj", "{CCDA791C-9921-4294-82DC-DF179F7E8DD2}"
EndProject
Project("{FAE04EC0-301F-11D3-BF4B-00C04F79EFBC}") = "L10Task3", "Lesson10\L10Task3\L10Task3.csproj", "{AF94B189-FCD6-4935-BC88-AFEA30B35A6A}"
EndProject
Project("{2150E333-8FDC-42A3-9474-1A3956D46DE8}") = "Lesson12", "Lesson12", "{68D98338-9BAB-448F-9532-777FC386C4AB}"
EndProject
Project("{FAE04EC0-301F-11D3-BF4B-00C04F79EFBC}") = "L12Task1", "Lesson12\L12Task1\L12Task1.csproj", "{6F3B2C2D-893A-4C50-A0D3-710B5021E8AC}"
EndProject
Project("{2150E333-8FDC-42A3-9474-1A3956D46DE8}") = "Lesson13", "Lesson13", "{21BDB14D-44DC-4906-AE05-BDC69DE16455}"
EndProject
Project("{FAE04EC0-301F-11D3-BF4B-00C04F79EFBC}") = "L13Task1", "Lesson13\L13Task1\L13Task1.csproj", "{00D085C1-F225-4F82-B21D-A99B10227C69}"
EndProject
Project("{FAE04EC0-301F-11D3-BF4B-00C04F79EFBC}") = "L13Task2", "Lesson13\L13Task2\L13Task2.csproj", "{A60E4947-AFD8-4BED-B9D1-0235C960EC1F}"
EndProject
Project("{FAE04EC0-301F-11D3-BF4B-00C04F79EFBC}") = "L12Task2", "Lesson12\L12Task2\L12Task2.csproj", "{C2A04E3C-0927-4193-9378-063767F2A645}"
EndProject
Project("{FAE04EC0-301F-11D3-BF4B-00C04F79EFBC}") = "L12Task3", "Lesson12\L12Task3\L12Task3.csproj", "{2AC228F5-0E12-4E6F-8703-A1993DC783D4}"
EndProject
Project("{2150E333-8FDC-42A3-9474-1A3956D46DE8}") = "Lesson14", "Lesson14", "{2F29DF98-4D36-46A3-B643-4ADAAB16017B}"
EndProject
Project("{FAE04EC0-301F-11D3-BF4B-00C04F79EFBC}") = "L14Task1", "Lesson14\L14Task1\L14Task1.csproj", "{BF41D734-8761-4298-BFD5-C9CF6B379858}"
EndProject
Project("{FAE04EC0-301F-11D3-BF4B-00C04F79EFBC}") = "L14Task2", "Lesson14\L14Task2\L14Task2.csproj", "{31ED7E67-2318-42A9-9764-40C6283BEB62}"
EndProject
Project("{FAE04EC0-301F-11D3-BF4B-00C04F79EFBC}") = "L14Task3", "Lesson14\L14Task3\L14Task3.csproj", "{C2F1CB8B-D425-4189-8B5A-888D1DA09627}"
EndProject
Project("{2150E333-8FDC-42A3-9474-1A3956D46DE8}") = "Lesson15", "Lesson15", "{17AFC5B6-6919-424E-952A-B7D82A1FE1DA}"
EndProject
Project("{FAE04EC0-301F-11D3-BF4B-00C04F79EFBC}") = "L15Task1", "Lesson15\L15Task1\L15Task1.csproj", "{902A2721-7574-4E3B-B2BA-1BE0A4EABEEE}"
EndProject
Project("{FAE04EC0-301F-11D3-BF4B-00C04F79EFBC}") = "L15Task2", "Lesson15\L15Task2\L15Task2.csproj", "{7AE5046B-F517-4FEC-A476-B8EABDE1B485}"
EndProject
Project("{2150E333-8FDC-42A3-9474-1A3956D46DE8}") = "Lesson16", "Lesson16", "{7086799D-60F5-4230-A044-942601049C4E}"
EndProject
Project("{FAE04EC0-301F-11D3-BF4B-00C04F79EFBC}") = "L16Task1", "Lesson16\L16Task1\L16Task1.csproj", "{3ED66D33-D74D-448A-A435-4439D1E744B7}"
EndProject
Project("{FAE04EC0-301F-11D3-BF4B-00C04F79EFBC}") = "L16Task2", "Lesson16\L16Task2\L16Task2.csproj", "{FE19551D-9281-4D85-A273-D796361AD8F6}"
EndProject
Project("{FAE04EC0-301F-11D3-BF4B-00C04F79EFBC}") = "L16Task3", "Lesson16\L16Task3\L16Task3.csproj", "{4339DA0D-240D-49ED-81C8-A104150A76DA}"
EndProject
Project("{2150E333-8FDC-42A3-9474-1A3956D46DE8}") = "Lesson17", "Lesson17", "{9173E697-B88D-4FC1-8460-A9A59B7AE1DE}"
EndProject
Project("{FAE04EC0-301F-11D3-BF4B-00C04F79EFBC}") = "L17Task1", "Lesson17\L17Task1\L17Task1.csproj", "{A368E716-7296-4DC1-B868-9AEE2C7B3B00}"
EndProject
Project("{FAE04EC0-301F-11D3-BF4B-00C04F79EFBC}") = "L17Task2", "Lesson17\L17Task2\L17Task2.csproj", "{6D61FC7E-E864-4A52-BF14-B81F1FB78818}"
EndProject
Project("{2150E333-8FDC-42A3-9474-1A3956D46DE8}") = "Lesson18", "Lesson18", "{1238F9AE-EA5E-4FBD-BE78-C354E9D855EB}"
EndProject
Project("{FAE04EC0-301F-11D3-BF4B-00C04F79EFBC}") = "L18Task1", "Lesson18\L18Task1\L18Task1.csproj", "{AFC8682E-0F19-465B-BF87-3E9E6B2E31B5}"
EndProject
Project("{FAE04EC0-301F-11D3-BF4B-00C04F79EFBC}") = "L18Task2", "Lesson18\L18Task2\L18Task2.csproj", "{B59B01C5-5EF3-4E85-8B60-70540AE932D4}"
EndProject
Global
	GlobalSection(SolutionConfigurationPlatforms) = preSolution
		Debug|Any CPU = Debug|Any CPU
		Release|Any CPU = Release|Any CPU
	EndGlobalSection
	GlobalSection(ProjectConfigurationPlatforms) = postSolution
		{3BFB60E7-D155-4F8C-BC70-3935FE0D4593}.Debug|Any CPU.ActiveCfg = Debug|Any CPU
		{3BFB60E7-D155-4F8C-BC70-3935FE0D4593}.Debug|Any CPU.Build.0 = Debug|Any CPU
		{3BFB60E7-D155-4F8C-BC70-3935FE0D4593}.Release|Any CPU.ActiveCfg = Release|Any CPU
		{3BFB60E7-D155-4F8C-BC70-3935FE0D4593}.Release|Any CPU.Build.0 = Release|Any CPU
		{73FC825D-C6C0-4171-AC8B-F641BBFB16AB}.Debug|Any CPU.ActiveCfg = Debug|Any CPU
		{73FC825D-C6C0-4171-AC8B-F641BBFB16AB}.Debug|Any CPU.Build.0 = Debug|Any CPU
		{73FC825D-C6C0-4171-AC8B-F641BBFB16AB}.Release|Any CPU.ActiveCfg = Release|Any CPU
		{73FC825D-C6C0-4171-AC8B-F641BBFB16AB}.Release|Any CPU.Build.0 = Release|Any CPU
		{47E5E02D-DA16-4970-8DEF-521BD9A55AE3}.Debug|Any CPU.ActiveCfg = Debug|Any CPU
		{47E5E02D-DA16-4970-8DEF-521BD9A55AE3}.Debug|Any CPU.Build.0 = Debug|Any CPU
		{47E5E02D-DA16-4970-8DEF-521BD9A55AE3}.Release|Any CPU.ActiveCfg = Release|Any CPU
		{47E5E02D-DA16-4970-8DEF-521BD9A55AE3}.Release|Any CPU.Build.0 = Release|Any CPU
		{50D2576C-1744-455E-B400-02FEF5FA87C6}.Debug|Any CPU.ActiveCfg = Debug|Any CPU
		{50D2576C-1744-455E-B400-02FEF5FA87C6}.Debug|Any CPU.Build.0 = Debug|Any CPU
		{50D2576C-1744-455E-B400-02FEF5FA87C6}.Release|Any CPU.ActiveCfg = Release|Any CPU
		{50D2576C-1744-455E-B400-02FEF5FA87C6}.Release|Any CPU.Build.0 = Release|Any CPU
		{98DFCAA9-B694-4F61-8401-0B6C05C138A3}.Debug|Any CPU.ActiveCfg = Debug|Any CPU
		{98DFCAA9-B694-4F61-8401-0B6C05C138A3}.Debug|Any CPU.Build.0 = Debug|Any CPU
		{98DFCAA9-B694-4F61-8401-0B6C05C138A3}.Release|Any CPU.ActiveCfg = Release|Any CPU
		{98DFCAA9-B694-4F61-8401-0B6C05C138A3}.Release|Any CPU.Build.0 = Release|Any CPU
		{78DC3BB7-55C3-4970-B5D8-936E5F1D467E}.Debug|Any CPU.ActiveCfg = Debug|Any CPU
		{78DC3BB7-55C3-4970-B5D8-936E5F1D467E}.Debug|Any CPU.Build.0 = Debug|Any CPU
		{78DC3BB7-55C3-4970-B5D8-936E5F1D467E}.Release|Any CPU.ActiveCfg = Release|Any CPU
		{78DC3BB7-55C3-4970-B5D8-936E5F1D467E}.Release|Any CPU.Build.0 = Release|Any CPU
		{9B279091-B6B3-453B-BD36-17DE4FCA04E1}.Debug|Any CPU.ActiveCfg = Debug|Any CPU
		{9B279091-B6B3-453B-BD36-17DE4FCA04E1}.Debug|Any CPU.Build.0 = Debug|Any CPU
		{9B279091-B6B3-453B-BD36-17DE4FCA04E1}.Release|Any CPU.ActiveCfg = Release|Any CPU
		{9B279091-B6B3-453B-BD36-17DE4FCA04E1}.Release|Any CPU.Build.0 = Release|Any CPU
		{76D3A37E-FA04-4CE9-AE95-DBE3A4C8692D}.Debug|Any CPU.ActiveCfg = Debug|Any CPU
		{76D3A37E-FA04-4CE9-AE95-DBE3A4C8692D}.Debug|Any CPU.Build.0 = Debug|Any CPU
		{76D3A37E-FA04-4CE9-AE95-DBE3A4C8692D}.Release|Any CPU.ActiveCfg = Release|Any CPU
		{76D3A37E-FA04-4CE9-AE95-DBE3A4C8692D}.Release|Any CPU.Build.0 = Release|Any CPU
		{67BE94A3-C60C-4899-BA17-8AA323A55F9E}.Debug|Any CPU.ActiveCfg = Debug|Any CPU
		{67BE94A3-C60C-4899-BA17-8AA323A55F9E}.Debug|Any CPU.Build.0 = Debug|Any CPU
		{67BE94A3-C60C-4899-BA17-8AA323A55F9E}.Release|Any CPU.ActiveCfg = Release|Any CPU
		{67BE94A3-C60C-4899-BA17-8AA323A55F9E}.Release|Any CPU.Build.0 = Release|Any CPU
		{264E57BC-D57D-4F71-B6E4-DD467A840E3A}.Debug|Any CPU.ActiveCfg = Debug|Any CPU
		{264E57BC-D57D-4F71-B6E4-DD467A840E3A}.Debug|Any CPU.Build.0 = Debug|Any CPU
		{264E57BC-D57D-4F71-B6E4-DD467A840E3A}.Release|Any CPU.ActiveCfg = Release|Any CPU
		{264E57BC-D57D-4F71-B6E4-DD467A840E3A}.Release|Any CPU.Build.0 = Release|Any CPU
		{D7C2E5BA-7D77-4A91-9074-1F2D0B41D7EA}.Debug|Any CPU.ActiveCfg = Debug|Any CPU
		{D7C2E5BA-7D77-4A91-9074-1F2D0B41D7EA}.Debug|Any CPU.Build.0 = Debug|Any CPU
		{D7C2E5BA-7D77-4A91-9074-1F2D0B41D7EA}.Release|Any CPU.ActiveCfg = Release|Any CPU
		{D7C2E5BA-7D77-4A91-9074-1F2D0B41D7EA}.Release|Any CPU.Build.0 = Release|Any CPU
		{0D1C2105-A1A1-46BA-B8D3-AD05171816A2}.Debug|Any CPU.ActiveCfg = Debug|Any CPU
		{0D1C2105-A1A1-46BA-B8D3-AD05171816A2}.Debug|Any CPU.Build.0 = Debug|Any CPU
		{0D1C2105-A1A1-46BA-B8D3-AD05171816A2}.Release|Any CPU.ActiveCfg = Release|Any CPU
		{0D1C2105-A1A1-46BA-B8D3-AD05171816A2}.Release|Any CPU.Build.0 = Release|Any CPU
		{D33C7756-FA61-4629-B602-6AB04F1B1ED6}.Debug|Any CPU.ActiveCfg = Debug|Any CPU
		{D33C7756-FA61-4629-B602-6AB04F1B1ED6}.Debug|Any CPU.Build.0 = Debug|Any CPU
		{D33C7756-FA61-4629-B602-6AB04F1B1ED6}.Release|Any CPU.ActiveCfg = Release|Any CPU
		{D33C7756-FA61-4629-B602-6AB04F1B1ED6}.Release|Any CPU.Build.0 = Release|Any CPU
		{E4CDA8F4-B4C1-4F7F-BFDE-D975BCC645D4}.Debug|Any CPU.ActiveCfg = Debug|Any CPU
		{E4CDA8F4-B4C1-4F7F-BFDE-D975BCC645D4}.Debug|Any CPU.Build.0 = Debug|Any CPU
		{E4CDA8F4-B4C1-4F7F-BFDE-D975BCC645D4}.Release|Any CPU.ActiveCfg = Release|Any CPU
		{E4CDA8F4-B4C1-4F7F-BFDE-D975BCC645D4}.Release|Any CPU.Build.0 = Release|Any CPU
		{7B895F98-ABB3-46E0-84CF-9683592B00CE}.Debug|Any CPU.ActiveCfg = Debug|Any CPU
		{7B895F98-ABB3-46E0-84CF-9683592B00CE}.Debug|Any CPU.Build.0 = Debug|Any CPU
		{7B895F98-ABB3-46E0-84CF-9683592B00CE}.Release|Any CPU.ActiveCfg = Release|Any CPU
		{7B895F98-ABB3-46E0-84CF-9683592B00CE}.Release|Any CPU.Build.0 = Release|Any CPU
		{A41567A4-58AA-4F2E-B981-7D46C7883BCD}.Debug|Any CPU.ActiveCfg = Debug|Any CPU
		{A41567A4-58AA-4F2E-B981-7D46C7883BCD}.Debug|Any CPU.Build.0 = Debug|Any CPU
		{A41567A4-58AA-4F2E-B981-7D46C7883BCD}.Release|Any CPU.ActiveCfg = Release|Any CPU
		{A41567A4-58AA-4F2E-B981-7D46C7883BCD}.Release|Any CPU.Build.0 = Release|Any CPU
		{B1FA4873-6C36-49F2-B003-7914A4720BFA}.Debug|Any CPU.ActiveCfg = Debug|Any CPU
		{B1FA4873-6C36-49F2-B003-7914A4720BFA}.Debug|Any CPU.Build.0 = Debug|Any CPU
		{B1FA4873-6C36-49F2-B003-7914A4720BFA}.Release|Any CPU.ActiveCfg = Release|Any CPU
		{B1FA4873-6C36-49F2-B003-7914A4720BFA}.Release|Any CPU.Build.0 = Release|Any CPU
		{C3ADFE0A-1113-4F33-83A4-BF1C5D5AA65F}.Debug|Any CPU.ActiveCfg = Debug|Any CPU
		{C3ADFE0A-1113-4F33-83A4-BF1C5D5AA65F}.Debug|Any CPU.Build.0 = Debug|Any CPU
		{C3ADFE0A-1113-4F33-83A4-BF1C5D5AA65F}.Release|Any CPU.ActiveCfg = Release|Any CPU
		{C3ADFE0A-1113-4F33-83A4-BF1C5D5AA65F}.Release|Any CPU.Build.0 = Release|Any CPU
		{10E4FF1A-FB72-48A6-A5F4-68832DAC521A}.Debug|Any CPU.ActiveCfg = Debug|Any CPU
		{10E4FF1A-FB72-48A6-A5F4-68832DAC521A}.Debug|Any CPU.Build.0 = Debug|Any CPU
		{10E4FF1A-FB72-48A6-A5F4-68832DAC521A}.Release|Any CPU.ActiveCfg = Release|Any CPU
		{10E4FF1A-FB72-48A6-A5F4-68832DAC521A}.Release|Any CPU.Build.0 = Release|Any CPU
		{B4117EA0-967C-4404-A5E6-D20B1A7682E9}.Debug|Any CPU.ActiveCfg = Debug|Any CPU
		{B4117EA0-967C-4404-A5E6-D20B1A7682E9}.Debug|Any CPU.Build.0 = Debug|Any CPU
		{B4117EA0-967C-4404-A5E6-D20B1A7682E9}.Release|Any CPU.ActiveCfg = Release|Any CPU
		{B4117EA0-967C-4404-A5E6-D20B1A7682E9}.Release|Any CPU.Build.0 = Release|Any CPU
		{76D86BDE-3083-4526-98CF-13D0F8D553E8}.Debug|Any CPU.ActiveCfg = Debug|Any CPU
		{76D86BDE-3083-4526-98CF-13D0F8D553E8}.Debug|Any CPU.Build.0 = Debug|Any CPU
		{76D86BDE-3083-4526-98CF-13D0F8D553E8}.Release|Any CPU.ActiveCfg = Release|Any CPU
		{76D86BDE-3083-4526-98CF-13D0F8D553E8}.Release|Any CPU.Build.0 = Release|Any CPU
		{E3F8CE4D-9452-4DFE-ADC2-EC49D77840EF}.Debug|Any CPU.ActiveCfg = Debug|Any CPU
		{E3F8CE4D-9452-4DFE-ADC2-EC49D77840EF}.Debug|Any CPU.Build.0 = Debug|Any CPU
		{E3F8CE4D-9452-4DFE-ADC2-EC49D77840EF}.Release|Any CPU.ActiveCfg = Release|Any CPU
		{E3F8CE4D-9452-4DFE-ADC2-EC49D77840EF}.Release|Any CPU.Build.0 = Release|Any CPU
		{1A452937-A15D-46FF-AAED-02102D2AC849}.Debug|Any CPU.ActiveCfg = Debug|Any CPU
		{1A452937-A15D-46FF-AAED-02102D2AC849}.Debug|Any CPU.Build.0 = Debug|Any CPU
		{1A452937-A15D-46FF-AAED-02102D2AC849}.Release|Any CPU.ActiveCfg = Release|Any CPU
		{1A452937-A15D-46FF-AAED-02102D2AC849}.Release|Any CPU.Build.0 = Release|Any CPU
		{B8018FA7-3EAE-44E3-8FFA-E0281B3A34CA}.Debug|Any CPU.ActiveCfg = Debug|Any CPU
		{B8018FA7-3EAE-44E3-8FFA-E0281B3A34CA}.Debug|Any CPU.Build.0 = Debug|Any CPU
		{B8018FA7-3EAE-44E3-8FFA-E0281B3A34CA}.Release|Any CPU.ActiveCfg = Release|Any CPU
		{B8018FA7-3EAE-44E3-8FFA-E0281B3A34CA}.Release|Any CPU.Build.0 = Release|Any CPU
		{4F90EEC0-E028-478E-B479-F533A72C71EC}.Debug|Any CPU.ActiveCfg = Debug|Any CPU
		{4F90EEC0-E028-478E-B479-F533A72C71EC}.Debug|Any CPU.Build.0 = Debug|Any CPU
		{4F90EEC0-E028-478E-B479-F533A72C71EC}.Release|Any CPU.ActiveCfg = Release|Any CPU
		{4F90EEC0-E028-478E-B479-F533A72C71EC}.Release|Any CPU.Build.0 = Release|Any CPU
		{CC57A134-F9FB-4916-B2AF-9591F6A3D4CE}.Debug|Any CPU.ActiveCfg = Debug|Any CPU
		{CC57A134-F9FB-4916-B2AF-9591F6A3D4CE}.Debug|Any CPU.Build.0 = Debug|Any CPU
		{CC57A134-F9FB-4916-B2AF-9591F6A3D4CE}.Release|Any CPU.ActiveCfg = Release|Any CPU
		{CC57A134-F9FB-4916-B2AF-9591F6A3D4CE}.Release|Any CPU.Build.0 = Release|Any CPU
		{B8336C7A-BCE7-416F-B2E5-EAB873FBF56D}.Debug|Any CPU.ActiveCfg = Debug|Any CPU
		{B8336C7A-BCE7-416F-B2E5-EAB873FBF56D}.Debug|Any CPU.Build.0 = Debug|Any CPU
		{B8336C7A-BCE7-416F-B2E5-EAB873FBF56D}.Release|Any CPU.ActiveCfg = Release|Any CPU
		{B8336C7A-BCE7-416F-B2E5-EAB873FBF56D}.Release|Any CPU.Build.0 = Release|Any CPU
		{CCDA791C-9921-4294-82DC-DF179F7E8DD2}.Debug|Any CPU.ActiveCfg = Debug|Any CPU
		{CCDA791C-9921-4294-82DC-DF179F7E8DD2}.Debug|Any CPU.Build.0 = Debug|Any CPU
		{CCDA791C-9921-4294-82DC-DF179F7E8DD2}.Release|Any CPU.ActiveCfg = Release|Any CPU
		{CCDA791C-9921-4294-82DC-DF179F7E8DD2}.Release|Any CPU.Build.0 = Release|Any CPU
		{AF94B189-FCD6-4935-BC88-AFEA30B35A6A}.Debug|Any CPU.ActiveCfg = Debug|Any CPU
		{AF94B189-FCD6-4935-BC88-AFEA30B35A6A}.Debug|Any CPU.Build.0 = Debug|Any CPU
		{AF94B189-FCD6-4935-BC88-AFEA30B35A6A}.Release|Any CPU.ActiveCfg = Release|Any CPU
		{AF94B189-FCD6-4935-BC88-AFEA30B35A6A}.Release|Any CPU.Build.0 = Release|Any CPU
		{6F3B2C2D-893A-4C50-A0D3-710B5021E8AC}.Debug|Any CPU.ActiveCfg = Debug|Any CPU
		{6F3B2C2D-893A-4C50-A0D3-710B5021E8AC}.Debug|Any CPU.Build.0 = Debug|Any CPU
		{6F3B2C2D-893A-4C50-A0D3-710B5021E8AC}.Release|Any CPU.ActiveCfg = Release|Any CPU
		{6F3B2C2D-893A-4C50-A0D3-710B5021E8AC}.Release|Any CPU.Build.0 = Release|Any CPU
		{00D085C1-F225-4F82-B21D-A99B10227C69}.Debug|Any CPU.ActiveCfg = Debug|Any CPU
		{00D085C1-F225-4F82-B21D-A99B10227C69}.Debug|Any CPU.Build.0 = Debug|Any CPU
		{00D085C1-F225-4F82-B21D-A99B10227C69}.Release|Any CPU.ActiveCfg = Release|Any CPU
		{00D085C1-F225-4F82-B21D-A99B10227C69}.Release|Any CPU.Build.0 = Release|Any CPU
		{A60E4947-AFD8-4BED-B9D1-0235C960EC1F}.Debug|Any CPU.ActiveCfg = Debug|Any CPU
		{A60E4947-AFD8-4BED-B9D1-0235C960EC1F}.Debug|Any CPU.Build.0 = Debug|Any CPU
		{A60E4947-AFD8-4BED-B9D1-0235C960EC1F}.Release|Any CPU.ActiveCfg = Release|Any CPU
		{A60E4947-AFD8-4BED-B9D1-0235C960EC1F}.Release|Any CPU.Build.0 = Release|Any CPU
		{C2A04E3C-0927-4193-9378-063767F2A645}.Debug|Any CPU.ActiveCfg = Debug|Any CPU
		{C2A04E3C-0927-4193-9378-063767F2A645}.Debug|Any CPU.Build.0 = Debug|Any CPU
		{C2A04E3C-0927-4193-9378-063767F2A645}.Release|Any CPU.ActiveCfg = Release|Any CPU
		{C2A04E3C-0927-4193-9378-063767F2A645}.Release|Any CPU.Build.0 = Release|Any CPU
		{2AC228F5-0E12-4E6F-8703-A1993DC783D4}.Debug|Any CPU.ActiveCfg = Debug|Any CPU
		{2AC228F5-0E12-4E6F-8703-A1993DC783D4}.Debug|Any CPU.Build.0 = Debug|Any CPU
		{2AC228F5-0E12-4E6F-8703-A1993DC783D4}.Release|Any CPU.ActiveCfg = Release|Any CPU
		{2AC228F5-0E12-4E6F-8703-A1993DC783D4}.Release|Any CPU.Build.0 = Release|Any CPU
		{BF41D734-8761-4298-BFD5-C9CF6B379858}.Debug|Any CPU.ActiveCfg = Debug|Any CPU
		{BF41D734-8761-4298-BFD5-C9CF6B379858}.Debug|Any CPU.Build.0 = Debug|Any CPU
		{BF41D734-8761-4298-BFD5-C9CF6B379858}.Release|Any CPU.ActiveCfg = Release|Any CPU
		{BF41D734-8761-4298-BFD5-C9CF6B379858}.Release|Any CPU.Build.0 = Release|Any CPU
		{31ED7E67-2318-42A9-9764-40C6283BEB62}.Debug|Any CPU.ActiveCfg = Debug|Any CPU
		{31ED7E67-2318-42A9-9764-40C6283BEB62}.Debug|Any CPU.Build.0 = Debug|Any CPU
		{31ED7E67-2318-42A9-9764-40C6283BEB62}.Release|Any CPU.ActiveCfg = Release|Any CPU
		{31ED7E67-2318-42A9-9764-40C6283BEB62}.Release|Any CPU.Build.0 = Release|Any CPU
		{C2F1CB8B-D425-4189-8B5A-888D1DA09627}.Debug|Any CPU.ActiveCfg = Debug|Any CPU
		{C2F1CB8B-D425-4189-8B5A-888D1DA09627}.Debug|Any CPU.Build.0 = Debug|Any CPU
		{C2F1CB8B-D425-4189-8B5A-888D1DA09627}.Release|Any CPU.ActiveCfg = Release|Any CPU
		{C2F1CB8B-D425-4189-8B5A-888D1DA09627}.Release|Any CPU.Build.0 = Release|Any CPU
		{902A2721-7574-4E3B-B2BA-1BE0A4EABEEE}.Debug|Any CPU.ActiveCfg = Debug|Any CPU
		{902A2721-7574-4E3B-B2BA-1BE0A4EABEEE}.Debug|Any CPU.Build.0 = Debug|Any CPU
		{902A2721-7574-4E3B-B2BA-1BE0A4EABEEE}.Release|Any CPU.ActiveCfg = Release|Any CPU
		{902A2721-7574-4E3B-B2BA-1BE0A4EABEEE}.Release|Any CPU.Build.0 = Release|Any CPU
		{7AE5046B-F517-4FEC-A476-B8EABDE1B485}.Debug|Any CPU.ActiveCfg = Debug|Any CPU
		{7AE5046B-F517-4FEC-A476-B8EABDE1B485}.Debug|Any CPU.Build.0 = Debug|Any CPU
		{7AE5046B-F517-4FEC-A476-B8EABDE1B485}.Release|Any CPU.ActiveCfg = Release|Any CPU
		{7AE5046B-F517-4FEC-A476-B8EABDE1B485}.Release|Any CPU.Build.0 = Release|Any CPU
		{3ED66D33-D74D-448A-A435-4439D1E744B7}.Debug|Any CPU.ActiveCfg = Debug|Any CPU
		{3ED66D33-D74D-448A-A435-4439D1E744B7}.Debug|Any CPU.Build.0 = Debug|Any CPU
		{3ED66D33-D74D-448A-A435-4439D1E744B7}.Release|Any CPU.ActiveCfg = Release|Any CPU
		{3ED66D33-D74D-448A-A435-4439D1E744B7}.Release|Any CPU.Build.0 = Release|Any CPU
		{FE19551D-9281-4D85-A273-D796361AD8F6}.Debug|Any CPU.ActiveCfg = Debug|Any CPU
		{FE19551D-9281-4D85-A273-D796361AD8F6}.Debug|Any CPU.Build.0 = Debug|Any CPU
		{FE19551D-9281-4D85-A273-D796361AD8F6}.Release|Any CPU.ActiveCfg = Release|Any CPU
		{FE19551D-9281-4D85-A273-D796361AD8F6}.Release|Any CPU.Build.0 = Release|Any CPU
		{4339DA0D-240D-49ED-81C8-A104150A76DA}.Debug|Any CPU.ActiveCfg = Debug|Any CPU
		{4339DA0D-240D-49ED-81C8-A104150A76DA}.Debug|Any CPU.Build.0 = Debug|Any CPU
		{4339DA0D-240D-49ED-81C8-A104150A76DA}.Release|Any CPU.ActiveCfg = Release|Any CPU
		{4339DA0D-240D-49ED-81C8-A104150A76DA}.Release|Any CPU.Build.0 = Release|Any CPU
		{A368E716-7296-4DC1-B868-9AEE2C7B3B00}.Debug|Any CPU.ActiveCfg = Debug|Any CPU
		{A368E716-7296-4DC1-B868-9AEE2C7B3B00}.Debug|Any CPU.Build.0 = Debug|Any CPU
		{A368E716-7296-4DC1-B868-9AEE2C7B3B00}.Release|Any CPU.ActiveCfg = Release|Any CPU
		{A368E716-7296-4DC1-B868-9AEE2C7B3B00}.Release|Any CPU.Build.0 = Release|Any CPU
		{6D61FC7E-E864-4A52-BF14-B81F1FB78818}.Debug|Any CPU.ActiveCfg = Debug|Any CPU
		{6D61FC7E-E864-4A52-BF14-B81F1FB78818}.Debug|Any CPU.Build.0 = Debug|Any CPU
		{6D61FC7E-E864-4A52-BF14-B81F1FB78818}.Release|Any CPU.ActiveCfg = Release|Any CPU
		{6D61FC7E-E864-4A52-BF14-B81F1FB78818}.Release|Any CPU.Build.0 = Release|Any CPU
		{AFC8682E-0F19-465B-BF87-3E9E6B2E31B5}.Debug|Any CPU.ActiveCfg = Debug|Any CPU
		{AFC8682E-0F19-465B-BF87-3E9E6B2E31B5}.Debug|Any CPU.Build.0 = Debug|Any CPU
		{AFC8682E-0F19-465B-BF87-3E9E6B2E31B5}.Release|Any CPU.ActiveCfg = Release|Any CPU
		{AFC8682E-0F19-465B-BF87-3E9E6B2E31B5}.Release|Any CPU.Build.0 = Release|Any CPU
		{B59B01C5-5EF3-4E85-8B60-70540AE932D4}.Debug|Any CPU.ActiveCfg = Debug|Any CPU
		{B59B01C5-5EF3-4E85-8B60-70540AE932D4}.Debug|Any CPU.Build.0 = Debug|Any CPU
		{B59B01C5-5EF3-4E85-8B60-70540AE932D4}.Release|Any CPU.ActiveCfg = Release|Any CPU
		{B59B01C5-5EF3-4E85-8B60-70540AE932D4}.Release|Any CPU.Build.0 = Release|Any CPU
	EndGlobalSection
	GlobalSection(NestedProjects) = preSolution
		{3BFB60E7-D155-4F8C-BC70-3935FE0D4593} = {A3B72E93-A8FA-48E0-ABF9-19B05FFBFCB3}
		{73FC825D-C6C0-4171-AC8B-F641BBFB16AB} = {A3B72E93-A8FA-48E0-ABF9-19B05FFBFCB3}
		{47E5E02D-DA16-4970-8DEF-521BD9A55AE3} = {A3B72E93-A8FA-48E0-ABF9-19B05FFBFCB3}
		{50D2576C-1744-455E-B400-02FEF5FA87C6} = {0C8477D8-AB8D-4B71-94AC-D14EC080BD79}
		{98DFCAA9-B694-4F61-8401-0B6C05C138A3} = {0C8477D8-AB8D-4B71-94AC-D14EC080BD79}
		{78DC3BB7-55C3-4970-B5D8-936E5F1D467E} = {0C8477D8-AB8D-4B71-94AC-D14EC080BD79}
		{9B279091-B6B3-453B-BD36-17DE4FCA04E1} = {BBACB0B7-5B35-4139-B0DE-A9F49AD8CEBC}
		{76D3A37E-FA04-4CE9-AE95-DBE3A4C8692D} = {BBACB0B7-5B35-4139-B0DE-A9F49AD8CEBC}
		{67BE94A3-C60C-4899-BA17-8AA323A55F9E} = {05145FDC-B178-4ADE-A403-23EAEC0C6954}
		{264E57BC-D57D-4F71-B6E4-DD467A840E3A} = {05145FDC-B178-4ADE-A403-23EAEC0C6954}
		{D7C2E5BA-7D77-4A91-9074-1F2D0B41D7EA} = {0D70318A-AD6E-4F98-89F0-1145CAFF122E}
		{0D1C2105-A1A1-46BA-B8D3-AD05171816A2} = {0D70318A-AD6E-4F98-89F0-1145CAFF122E}
		{D33C7756-FA61-4629-B602-6AB04F1B1ED6} = {0D70318A-AD6E-4F98-89F0-1145CAFF122E}
		{E4CDA8F4-B4C1-4F7F-BFDE-D975BCC645D4} = {05145FDC-B178-4ADE-A403-23EAEC0C6954}
		{7B895F98-ABB3-46E0-84CF-9683592B00CE} = {C669DAC7-BCF1-4F43-81AC-1C28442FA278}
		{A41567A4-58AA-4F2E-B981-7D46C7883BCD} = {C669DAC7-BCF1-4F43-81AC-1C28442FA278}
		{B1FA4873-6C36-49F2-B003-7914A4720BFA} = {C669DAC7-BCF1-4F43-81AC-1C28442FA278}
		{C3ADFE0A-1113-4F33-83A4-BF1C5D5AA65F} = {63FBD1C2-5251-459E-A3CF-F80F8707A449}
		{10E4FF1A-FB72-48A6-A5F4-68832DAC521A} = {63FBD1C2-5251-459E-A3CF-F80F8707A449}
		{B4117EA0-967C-4404-A5E6-D20B1A7682E9} = {0BCA2BA2-3522-4A7C-90E3-CEE0C26B8ADC}
		{76D86BDE-3083-4526-98CF-13D0F8D553E8} = {0BCA2BA2-3522-4A7C-90E3-CEE0C26B8ADC}
		{E3F8CE4D-9452-4DFE-ADC2-EC49D77840EF} = {91EA7A64-36CD-4512-9D10-1369DF31EA9E}
		{1A452937-A15D-46FF-AAED-02102D2AC849} = {91EA7A64-36CD-4512-9D10-1369DF31EA9E}
		{B8018FA7-3EAE-44E3-8FFA-E0281B3A34CA} = {913FE355-EF3F-4066-A5AF-814B3D81BBBF}
		{4F90EEC0-E028-478E-B479-F533A72C71EC} = {913FE355-EF3F-4066-A5AF-814B3D81BBBF}
		{CC57A134-F9FB-4916-B2AF-9591F6A3D4CE} = {F304C647-242C-4A6A-9CEF-9A89B4EFDB4C}
		{B8336C7A-BCE7-416F-B2E5-EAB873FBF56D} = {F304C647-242C-4A6A-9CEF-9A89B4EFDB4C}
		{CCDA791C-9921-4294-82DC-DF179F7E8DD2} = {F304C647-242C-4A6A-9CEF-9A89B4EFDB4C}
		{AF94B189-FCD6-4935-BC88-AFEA30B35A6A} = {913FE355-EF3F-4066-A5AF-814B3D81BBBF}
		{6F3B2C2D-893A-4C50-A0D3-710B5021E8AC} = {68D98338-9BAB-448F-9532-777FC386C4AB}
		{00D085C1-F225-4F82-B21D-A99B10227C69} = {21BDB14D-44DC-4906-AE05-BDC69DE16455}
		{A60E4947-AFD8-4BED-B9D1-0235C960EC1F} = {21BDB14D-44DC-4906-AE05-BDC69DE16455}
		{C2A04E3C-0927-4193-9378-063767F2A645} = {68D98338-9BAB-448F-9532-777FC386C4AB}
		{2AC228F5-0E12-4E6F-8703-A1993DC783D4} = {68D98338-9BAB-448F-9532-777FC386C4AB}
		{BF41D734-8761-4298-BFD5-C9CF6B379858} = {2F29DF98-4D36-46A3-B643-4ADAAB16017B}
		{31ED7E67-2318-42A9-9764-40C6283BEB62} = {2F29DF98-4D36-46A3-B643-4ADAAB16017B}
		{C2F1CB8B-D425-4189-8B5A-888D1DA09627} = {2F29DF98-4D36-46A3-B643-4ADAAB16017B}
		{902A2721-7574-4E3B-B2BA-1BE0A4EABEEE} = {17AFC5B6-6919-424E-952A-B7D82A1FE1DA}
		{7AE5046B-F517-4FEC-A476-B8EABDE1B485} = {17AFC5B6-6919-424E-952A-B7D82A1FE1DA}
		{3ED66D33-D74D-448A-A435-4439D1E744B7} = {7086799D-60F5-4230-A044-942601049C4E}
		{FE19551D-9281-4D85-A273-D796361AD8F6} = {7086799D-60F5-4230-A044-942601049C4E}
		{4339DA0D-240D-49ED-81C8-A104150A76DA} = {7086799D-60F5-4230-A044-942601049C4E}
		{A368E716-7296-4DC1-B868-9AEE2C7B3B00} = {9173E697-B88D-4FC1-8460-A9A59B7AE1DE}
		{6D61FC7E-E864-4A52-BF14-B81F1FB78818} = {9173E697-B88D-4FC1-8460-A9A59B7AE1DE}
		{AFC8682E-0F19-465B-BF87-3E9E6B2E31B5} = {1238F9AE-EA5E-4FBD-BE78-C354E9D855EB}
		{B59B01C5-5EF3-4E85-8B60-70540AE932D4} = {1238F9AE-EA5E-4FBD-BE78-C354E9D855EB}
	EndGlobalSection
EndGlobal
