
Microsoft Visual Studio Solution File, Format Version 12.00
Project("{2150E333-8FDC-42A3-9474-1A3956D46DE8}") = "Lesson1", "Lesson1", "{A3B72E93-A8FA-48E0-ABF9-19B05FFBFCB3}"
EndProject
Project("{FAE04EC0-301F-11D3-BF4B-00C04F79EFBC}") = "L1Task1", "Lesson1\L1Task1\L1Task1.csproj", "{3BFB60E7-D155-4F8C-BC70-3935FE0D4593}"
EndProject
Project("{FAE04EC0-301F-11D3-BF4B-00C04F79EFBC}") = "L1Task2", "Lesson1\L1Task2\L1Task2.csproj", "{73FC825D-C6C0-4171-AC8B-F641BBFB16AB}"
EndProject
Project("{FAE04EC0-301F-11D3-BF4B-00C04F79EFBC}") = "L1Task3", "Lesson1\L1Task3\L1Task3.csproj", "{47E5E02D-DA16-4970-8DEF-521BD9A55AE3}"
EndProject
Project("{2150E333-8FDC-42A3-9474-1A3956D46DE8}") = "Lesson2", "Lesson2", "{0C8477D8-AB8D-4B71-94AC-D14EC080BD79}"
EndProject
Project("{FAE04EC0-301F-11D3-BF4B-00C04F79EFBC}") = "L2Task1", "Lesson2\L2Task1\L2Task1.csproj", "{50D2576C-1744-455E-B400-02FEF5FA87C6}"
EndProject
Project("{FAE04EC0-301F-11D3-BF4B-00C04F79EFBC}") = "L2Task2", "Lesson2\L2Task2\L2Task2.csproj", "{98DFCAA9-B694-4F61-8401-0B6C05C138A3}"
EndProject
Project("{FAE04EC0-301F-11D3-BF4B-00C04F79EFBC}") = "L2Task3", "Lesson2\L2Task3\L2Task3.csproj", "{78DC3BB7-55C3-4970-B5D8-936E5F1D467E}"
EndProject
Project("{2150E333-8FDC-42A3-9474-1A3956D46DE8}") = "Lesson4", "Lesson4", "{BBACB0B7-5B35-4139-B0DE-A9F49AD8CEBC}"
EndProject
Project("{FAE04EC0-301F-11D3-BF4B-00C04F79EFBC}") = "L4Task2", "Lesson4\L4Task2\L4Task2.csproj", "{9B279091-B6B3-453B-BD36-17DE4FCA04E1}"
EndProject
Project("{FAE04EC0-301F-11D3-BF4B-00C04F79EFBC}") = "L4Task1", "Lesson4\L4Task1\L4Task1.csproj", "{76D3A37E-FA04-4CE9-AE95-DBE3A4C8692D}"
EndProject
Project("{2150E333-8FDC-42A3-9474-1A3956D46DE8}") = "Lesson5", "Lesson5", "{05145FDC-B178-4ADE-A403-23EAEC0C6954}"
EndProject
Project("{FAE04EC0-301F-11D3-BF4B-00C04F79EFBC}") = "L5Task1", "Lesson5\L5Task1\L5Task1.csproj", "{67BE94A3-C60C-4899-BA17-8AA323A55F9E}"
EndProject
Project("{FAE04EC0-301F-11D3-BF4B-00C04F79EFBC}") = "L5Task2", "Lesson5\L5Task2\L5Task2.csproj", "{264E57BC-D57D-4F71-B6E4-DD467A840E3A}"
EndProject
Project("{2150E333-8FDC-42A3-9474-1A3956D46DE8}") = "Lesson3", "Lesson3", "{0D70318A-AD6E-4F98-89F0-1145CAFF122E}"
EndProject
Project("{FAE04EC0-301F-11D3-BF4B-00C04F79EFBC}") = "L3Task1", "Lesson3\L3Task1\L3Task1.csproj", "{D7C2E5BA-7D77-4A91-9074-1F2D0B41D7EA}"
EndProject
Project("{FAE04EC0-301F-11D3-BF4B-00C04F79EFBC}") = "L3Task2", "Lesson3\L3Task2\L3Task2.csproj", "{0D1C2105-A1A1-46BA-B8D3-AD05171816A2}"
EndProject
Project("{FAE04EC0-301F-11D3-BF4B-00C04F79EFBC}") = "L3Task3", "Lesson3\L3Task3\L3Task3.csproj", "{D33C7756-FA61-4629-B602-6AB04F1B1ED6}"
EndProject
Project("{FAE04EC0-301F-11D3-BF4B-00C04F79EFBC}") = "L5Task3", "Lesson5\L5Task3\L5Task3.csproj", "{E4CDA8F4-B4C1-4F7F-BFDE-D975BCC645D4}"
EndProject
Project("{2150E333-8FDC-42A3-9474-1A3956D46DE8}") = "Lesson6", "Lesson6", "{C669DAC7-BCF1-4F43-81AC-1C28442FA278}"
EndProject
Project("{FAE04EC0-301F-11D3-BF4B-00C04F79EFBC}") = "L6Task1", "Lesson6\L6Task1\L6Task1.csproj", "{7B895F98-ABB3-46E0-84CF-9683592B00CE}"
EndProject
Project("{FAE04EC0-301F-11D3-BF4B-00C04F79EFBC}") = "L6Task2", "Lesson6\L6Task2\L6Task2.csproj", "{A41567A4-58AA-4F2E-B981-7D46C7883BCD}"
EndProject
Project("{FAE04EC0-301F-11D3-BF4B-00C04F79EFBC}") = "L6Task3", "Lesson6\L6Task3\L6Task3.csproj", "{B1FA4873-6C36-49F2-B003-7914A4720BFA}"
EndProject
Project("{2150E333-8FDC-42A3-9474-1A3956D46DE8}") = "Lesson7", "Lesson7", "{63FBD1C2-5251-459E-A3CF-F80F8707A449}"
EndProject
Project("{FAE04EC0-301F-11D3-BF4B-00C04F79EFBC}") = "L7Task1", "Lesson7\L7Task1\L7Task1.csproj", "{C3ADFE0A-1113-4F33-83A4-BF1C5D5AA65F}"
EndProject
Project("{FAE04EC0-301F-11D3-BF4B-00C04F79EFBC}") = "L7Task2", "Lesson7\L7Task2\L7Task2.csproj", "{10E4FF1A-FB72-48A6-A5F4-68832DAC521A}"
EndProject
Project("{2150E333-8FDC-42A3-9474-1A3956D46DE8}") = "Lesson8", "Lesson8", "{0BCA2BA2-3522-4A7C-90E3-CEE0C26B8ADC}"
EndProject
Project("{FAE04EC0-301F-11D3-BF4B-00C04F79EFBC}") = "L8Task1", "Lesson8\L8Task1\L8Task1.csproj", "{B4117EA0-967C-4404-A5E6-D20B1A7682E9}"
EndProject
Project("{FAE04EC0-301F-11D3-BF4B-00C04F79EFBC}") = "L8Task2", "Lesson8\L8Task2\L8Task2.csproj", "{76D86BDE-3083-4526-98CF-13D0F8D553E8}"
EndProject
Project("{2150E333-8FDC-42A3-9474-1A3956D46DE8}") = "Lesson9", "Lesson9", "{91EA7A64-36CD-4512-9D10-1369DF31EA9E}"
EndProject
Project("{FAE04EC0-301F-11D3-BF4B-00C04F79EFBC}") = "L9Task1", "Lesson9\L9Task1\L9Task1.csproj", "{E3F8CE4D-9452-4DFE-ADC2-EC49D77840EF}"
EndProject
Project("{FAE04EC0-301F-11D3-BF4B-00C04F79EFBC}") = "L9Task2", "Lesson9\L9Task2\L9Task2.csproj", "{1A452937-A15D-46FF-AAED-02102D2AC849}"
EndProject
Global
	GlobalSection(SolutionConfigurationPlatforms) = preSolution
		Debug|Any CPU = Debug|Any CPU
		Release|Any CPU = Release|Any CPU
	EndGlobalSection
	GlobalSection(ProjectConfigurationPlatforms) = postSolution
		{3BFB60E7-D155-4F8C-BC70-3935FE0D4593}.Debug|Any CPU.ActiveCfg = Debug|Any CPU
		{3BFB60E7-D155-4F8C-BC70-3935FE0D4593}.Debug|Any CPU.Build.0 = Debug|Any CPU
		{3BFB60E7-D155-4F8C-BC70-3935FE0D4593}.Release|Any CPU.ActiveCfg = Release|Any CPU
		{3BFB60E7-D155-4F8C-BC70-3935FE0D4593}.Release|Any CPU.Build.0 = Release|Any CPU
		{73FC825D-C6C0-4171-AC8B-F641BBFB16AB}.Debug|Any CPU.ActiveCfg = Debug|Any CPU
		{73FC825D-C6C0-4171-AC8B-F641BBFB16AB}.Debug|Any CPU.Build.0 = Debug|Any CPU
		{73FC825D-C6C0-4171-AC8B-F641BBFB16AB}.Release|Any CPU.ActiveCfg = Release|Any CPU
		{73FC825D-C6C0-4171-AC8B-F641BBFB16AB}.Release|Any CPU.Build.0 = Release|Any CPU
		{47E5E02D-DA16-4970-8DEF-521BD9A55AE3}.Debug|Any CPU.ActiveCfg = Debug|Any CPU
		{47E5E02D-DA16-4970-8DEF-521BD9A55AE3}.Debug|Any CPU.Build.0 = Debug|Any CPU
		{47E5E02D-DA16-4970-8DEF-521BD9A55AE3}.Release|Any CPU.ActiveCfg = Release|Any CPU
		{47E5E02D-DA16-4970-8DEF-521BD9A55AE3}.Release|Any CPU.Build.0 = Release|Any CPU
		{50D2576C-1744-455E-B400-02FEF5FA87C6}.Debug|Any CPU.ActiveCfg = Debug|Any CPU
		{50D2576C-1744-455E-B400-02FEF5FA87C6}.Debug|Any CPU.Build.0 = Debug|Any CPU
		{50D2576C-1744-455E-B400-02FEF5FA87C6}.Release|Any CPU.ActiveCfg = Release|Any CPU
		{50D2576C-1744-455E-B400-02FEF5FA87C6}.Release|Any CPU.Build.0 = Release|Any CPU
		{98DFCAA9-B694-4F61-8401-0B6C05C138A3}.Debug|Any CPU.ActiveCfg = Debug|Any CPU
		{98DFCAA9-B694-4F61-8401-0B6C05C138A3}.Debug|Any CPU.Build.0 = Debug|Any CPU
		{98DFCAA9-B694-4F61-8401-0B6C05C138A3}.Release|Any CPU.ActiveCfg = Release|Any CPU
		{98DFCAA9-B694-4F61-8401-0B6C05C138A3}.Release|Any CPU.Build.0 = Release|Any CPU
		{78DC3BB7-55C3-4970-B5D8-936E5F1D467E}.Debug|Any CPU.ActiveCfg = Debug|Any CPU
		{78DC3BB7-55C3-4970-B5D8-936E5F1D467E}.Debug|Any CPU.Build.0 = Debug|Any CPU
		{78DC3BB7-55C3-4970-B5D8-936E5F1D467E}.Release|Any CPU.ActiveCfg = Release|Any CPU
		{78DC3BB7-55C3-4970-B5D8-936E5F1D467E}.Release|Any CPU.Build.0 = Release|Any CPU
		{9B279091-B6B3-453B-BD36-17DE4FCA04E1}.Debug|Any CPU.ActiveCfg = Debug|Any CPU
		{9B279091-B6B3-453B-BD36-17DE4FCA04E1}.Debug|Any CPU.Build.0 = Debug|Any CPU
		{9B279091-B6B3-453B-BD36-17DE4FCA04E1}.Release|Any CPU.ActiveCfg = Release|Any CPU
		{9B279091-B6B3-453B-BD36-17DE4FCA04E1}.Release|Any CPU.Build.0 = Release|Any CPU
		{76D3A37E-FA04-4CE9-AE95-DBE3A4C8692D}.Debug|Any CPU.ActiveCfg = Debug|Any CPU
		{76D3A37E-FA04-4CE9-AE95-DBE3A4C8692D}.Debug|Any CPU.Build.0 = Debug|Any CPU
		{76D3A37E-FA04-4CE9-AE95-DBE3A4C8692D}.Release|Any CPU.ActiveCfg = Release|Any CPU
		{76D3A37E-FA04-4CE9-AE95-DBE3A4C8692D}.Release|Any CPU.Build.0 = Release|Any CPU
		{67BE94A3-C60C-4899-BA17-8AA323A55F9E}.Debug|Any CPU.ActiveCfg = Debug|Any CPU
		{67BE94A3-C60C-4899-BA17-8AA323A55F9E}.Debug|Any CPU.Build.0 = Debug|Any CPU
		{67BE94A3-C60C-4899-BA17-8AA323A55F9E}.Release|Any CPU.ActiveCfg = Release|Any CPU
		{67BE94A3-C60C-4899-BA17-8AA323A55F9E}.Release|Any CPU.Build.0 = Release|Any CPU
		{264E57BC-D57D-4F71-B6E4-DD467A840E3A}.Debug|Any CPU.ActiveCfg = Debug|Any CPU
		{264E57BC-D57D-4F71-B6E4-DD467A840E3A}.Debug|Any CPU.Build.0 = Debug|Any CPU
		{264E57BC-D57D-4F71-B6E4-DD467A840E3A}.Release|Any CPU.ActiveCfg = Release|Any CPU
		{264E57BC-D57D-4F71-B6E4-DD467A840E3A}.Release|Any CPU.Build.0 = Release|Any CPU
		{D7C2E5BA-7D77-4A91-9074-1F2D0B41D7EA}.Debug|Any CPU.ActiveCfg = Debug|Any CPU
		{D7C2E5BA-7D77-4A91-9074-1F2D0B41D7EA}.Debug|Any CPU.Build.0 = Debug|Any CPU
		{D7C2E5BA-7D77-4A91-9074-1F2D0B41D7EA}.Release|Any CPU.ActiveCfg = Release|Any CPU
		{D7C2E5BA-7D77-4A91-9074-1F2D0B41D7EA}.Release|Any CPU.Build.0 = Release|Any CPU
		{0D1C2105-A1A1-46BA-B8D3-AD05171816A2}.Debug|Any CPU.ActiveCfg = Debug|Any CPU
		{0D1C2105-A1A1-46BA-B8D3-AD05171816A2}.Debug|Any CPU.Build.0 = Debug|Any CPU
		{0D1C2105-A1A1-46BA-B8D3-AD05171816A2}.Release|Any CPU.ActiveCfg = Release|Any CPU
		{0D1C2105-A1A1-46BA-B8D3-AD05171816A2}.Release|Any CPU.Build.0 = Release|Any CPU
		{D33C7756-FA61-4629-B602-6AB04F1B1ED6}.Debug|Any CPU.ActiveCfg = Debug|Any CPU
		{D33C7756-FA61-4629-B602-6AB04F1B1ED6}.Debug|Any CPU.Build.0 = Debug|Any CPU
		{D33C7756-FA61-4629-B602-6AB04F1B1ED6}.Release|Any CPU.ActiveCfg = Release|Any CPU
		{D33C7756-FA61-4629-B602-6AB04F1B1ED6}.Release|Any CPU.Build.0 = Release|Any CPU
		{E4CDA8F4-B4C1-4F7F-BFDE-D975BCC645D4}.Debug|Any CPU.ActiveCfg = Debug|Any CPU
		{E4CDA8F4-B4C1-4F7F-BFDE-D975BCC645D4}.Debug|Any CPU.Build.0 = Debug|Any CPU
		{E4CDA8F4-B4C1-4F7F-BFDE-D975BCC645D4}.Release|Any CPU.ActiveCfg = Release|Any CPU
		{E4CDA8F4-B4C1-4F7F-BFDE-D975BCC645D4}.Release|Any CPU.Build.0 = Release|Any CPU
		{7B895F98-ABB3-46E0-84CF-9683592B00CE}.Debug|Any CPU.ActiveCfg = Debug|Any CPU
		{7B895F98-ABB3-46E0-84CF-9683592B00CE}.Debug|Any CPU.Build.0 = Debug|Any CPU
		{7B895F98-ABB3-46E0-84CF-9683592B00CE}.Release|Any CPU.ActiveCfg = Release|Any CPU
		{7B895F98-ABB3-46E0-84CF-9683592B00CE}.Release|Any CPU.Build.0 = Release|Any CPU
		{A41567A4-58AA-4F2E-B981-7D46C7883BCD}.Debug|Any CPU.ActiveCfg = Debug|Any CPU
		{A41567A4-58AA-4F2E-B981-7D46C7883BCD}.Debug|Any CPU.Build.0 = Debug|Any CPU
		{A41567A4-58AA-4F2E-B981-7D46C7883BCD}.Release|Any CPU.ActiveCfg = Release|Any CPU
		{A41567A4-58AA-4F2E-B981-7D46C7883BCD}.Release|Any CPU.Build.0 = Release|Any CPU
		{B1FA4873-6C36-49F2-B003-7914A4720BFA}.Debug|Any CPU.ActiveCfg = Debug|Any CPU
		{B1FA4873-6C36-49F2-B003-7914A4720BFA}.Debug|Any CPU.Build.0 = Debug|Any CPU
		{B1FA4873-6C36-49F2-B003-7914A4720BFA}.Release|Any CPU.ActiveCfg = Release|Any CPU
		{B1FA4873-6C36-49F2-B003-7914A4720BFA}.Release|Any CPU.Build.0 = Release|Any CPU
		{C3ADFE0A-1113-4F33-83A4-BF1C5D5AA65F}.Debug|Any CPU.ActiveCfg = Debug|Any CPU
		{C3ADFE0A-1113-4F33-83A4-BF1C5D5AA65F}.Debug|Any CPU.Build.0 = Debug|Any CPU
		{C3ADFE0A-1113-4F33-83A4-BF1C5D5AA65F}.Release|Any CPU.ActiveCfg = Release|Any CPU
		{C3ADFE0A-1113-4F33-83A4-BF1C5D5AA65F}.Release|Any CPU.Build.0 = Release|Any CPU
		{10E4FF1A-FB72-48A6-A5F4-68832DAC521A}.Debug|Any CPU.ActiveCfg = Debug|Any CPU
		{10E4FF1A-FB72-48A6-A5F4-68832DAC521A}.Debug|Any CPU.Build.0 = Debug|Any CPU
		{10E4FF1A-FB72-48A6-A5F4-68832DAC521A}.Release|Any CPU.ActiveCfg = Release|Any CPU
		{10E4FF1A-FB72-48A6-A5F4-68832DAC521A}.Release|Any CPU.Build.0 = Release|Any CPU
		{B4117EA0-967C-4404-A5E6-D20B1A7682E9}.Debug|Any CPU.ActiveCfg = Debug|Any CPU
		{B4117EA0-967C-4404-A5E6-D20B1A7682E9}.Debug|Any CPU.Build.0 = Debug|Any CPU
		{B4117EA0-967C-4404-A5E6-D20B1A7682E9}.Release|Any CPU.ActiveCfg = Release|Any CPU
		{B4117EA0-967C-4404-A5E6-D20B1A7682E9}.Release|Any CPU.Build.0 = Release|Any CPU
		{76D86BDE-3083-4526-98CF-13D0F8D553E8}.Debug|Any CPU.ActiveCfg = Debug|Any CPU
		{76D86BDE-3083-4526-98CF-13D0F8D553E8}.Debug|Any CPU.Build.0 = Debug|Any CPU
		{76D86BDE-3083-4526-98CF-13D0F8D553E8}.Release|Any CPU.ActiveCfg = Release|Any CPU
		{76D86BDE-3083-4526-98CF-13D0F8D553E8}.Release|Any CPU.Build.0 = Release|Any CPU
		{E3F8CE4D-9452-4DFE-ADC2-EC49D77840EF}.Debug|Any CPU.ActiveCfg = Debug|Any CPU
		{E3F8CE4D-9452-4DFE-ADC2-EC49D77840EF}.Debug|Any CPU.Build.0 = Debug|Any CPU
		{E3F8CE4D-9452-4DFE-ADC2-EC49D77840EF}.Release|Any CPU.ActiveCfg = Release|Any CPU
		{E3F8CE4D-9452-4DFE-ADC2-EC49D77840EF}.Release|Any CPU.Build.0 = Release|Any CPU
		{1A452937-A15D-46FF-AAED-02102D2AC849}.Debug|Any CPU.ActiveCfg = Debug|Any CPU
		{1A452937-A15D-46FF-AAED-02102D2AC849}.Debug|Any CPU.Build.0 = Debug|Any CPU
		{1A452937-A15D-46FF-AAED-02102D2AC849}.Release|Any CPU.ActiveCfg = Release|Any CPU
		{1A452937-A15D-46FF-AAED-02102D2AC849}.Release|Any CPU.Build.0 = Release|Any CPU
	EndGlobalSection
	GlobalSection(NestedProjects) = preSolution
		{3BFB60E7-D155-4F8C-BC70-3935FE0D4593} = {A3B72E93-A8FA-48E0-ABF9-19B05FFBFCB3}
		{73FC825D-C6C0-4171-AC8B-F641BBFB16AB} = {A3B72E93-A8FA-48E0-ABF9-19B05FFBFCB3}
		{47E5E02D-DA16-4970-8DEF-521BD9A55AE3} = {A3B72E93-A8FA-48E0-ABF9-19B05FFBFCB3}
		{50D2576C-1744-455E-B400-02FEF5FA87C6} = {0C8477D8-AB8D-4B71-94AC-D14EC080BD79}
		{98DFCAA9-B694-4F61-8401-0B6C05C138A3} = {0C8477D8-AB8D-4B71-94AC-D14EC080BD79}
		{78DC3BB7-55C3-4970-B5D8-936E5F1D467E} = {0C8477D8-AB8D-4B71-94AC-D14EC080BD79}
		{9B279091-B6B3-453B-BD36-17DE4FCA04E1} = {BBACB0B7-5B35-4139-B0DE-A9F49AD8CEBC}
		{76D3A37E-FA04-4CE9-AE95-DBE3A4C8692D} = {BBACB0B7-5B35-4139-B0DE-A9F49AD8CEBC}
		{67BE94A3-C60C-4899-BA17-8AA323A55F9E} = {05145FDC-B178-4ADE-A403-23EAEC0C6954}
		{264E57BC-D57D-4F71-B6E4-DD467A840E3A} = {05145FDC-B178-4ADE-A403-23EAEC0C6954}
		{D7C2E5BA-7D77-4A91-9074-1F2D0B41D7EA} = {0D70318A-AD6E-4F98-89F0-1145CAFF122E}
		{0D1C2105-A1A1-46BA-B8D3-AD05171816A2} = {0D70318A-AD6E-4F98-89F0-1145CAFF122E}
		{D33C7756-FA61-4629-B602-6AB04F1B1ED6} = {0D70318A-AD6E-4F98-89F0-1145CAFF122E}
		{E4CDA8F4-B4C1-4F7F-BFDE-D975BCC645D4} = {05145FDC-B178-4ADE-A403-23EAEC0C6954}
		{7B895F98-ABB3-46E0-84CF-9683592B00CE} = {C669DAC7-BCF1-4F43-81AC-1C28442FA278}
		{A41567A4-58AA-4F2E-B981-7D46C7883BCD} = {C669DAC7-BCF1-4F43-81AC-1C28442FA278}
		{B1FA4873-6C36-49F2-B003-7914A4720BFA} = {C669DAC7-BCF1-4F43-81AC-1C28442FA278}
		{C3ADFE0A-1113-4F33-83A4-BF1C5D5AA65F} = {63FBD1C2-5251-459E-A3CF-F80F8707A449}
		{10E4FF1A-FB72-48A6-A5F4-68832DAC521A} = {63FBD1C2-5251-459E-A3CF-F80F8707A449}
		{B4117EA0-967C-4404-A5E6-D20B1A7682E9} = {0BCA2BA2-3522-4A7C-90E3-CEE0C26B8ADC}
		{76D86BDE-3083-4526-98CF-13D0F8D553E8} = {0BCA2BA2-3522-4A7C-90E3-CEE0C26B8ADC}
		{E3F8CE4D-9452-4DFE-ADC2-EC49D77840EF} = {91EA7A64-36CD-4512-9D10-1369DF31EA9E}
		{1A452937-A15D-46FF-AAED-02102D2AC849} = {91EA7A64-36CD-4512-9D10-1369DF31EA9E}
	EndGlobalSection
EndGlobal
